
Microsoft Visual Studio Solution File, Format Version 12.00
# Visual Studio Version 16
VisualStudioVersion = 16.0.30804.86
MinimumVisualStudioVersion = 10.0.40219.1
Project("{FAE04EC0-301F-11D3-BF4B-00C04F79EFBC}") = "7", "7.csproj", "{F65AA22B-3633-40E3-B0E4-63A8BF2CFB1A}"
EndProject
Global
	GlobalSection(SolutionConfigurationPlatforms) = preSolution
		Debug|Any CPU = Debug|Any CPU
		Release|Any CPU = Release|Any CPU
	EndGlobalSection
	GlobalSection(ProjectConfigurationPlatforms) = postSolution
		{F65AA22B-3633-40E3-B0E4-63A8BF2CFB1A}.Debug|Any CPU.ActiveCfg = Debug|Any CPU
		{F65AA22B-3633-40E3-B0E4-63A8BF2CFB1A}.Debug|Any CPU.Build.0 = Debug|Any CPU
		{F65AA22B-3633-40E3-B0E4-63A8BF2CFB1A}.Release|Any CPU.ActiveCfg = Release|Any CPU
		{F65AA22B-3633-40E3-B0E4-63A8BF2CFB1A}.Release|Any CPU.Build.0 = Release|Any CPU
	EndGlobalSection
	GlobalSection(SolutionProperties) = preSolution
		HideSolutionNode = FALSE
	EndGlobalSection
	GlobalSection(ExtensibilityGlobals) = postSolution
		SolutionGuid = {183D8C5F-FF7F-4FC8-93BB-987461BBC9F4}
	EndGlobalSection
EndGlobal
